
Microsoft Visual Studio Solution File, Format Version 12.00
# Visual Studio Version 16
VisualStudioVersion = 16.0.30804.86
MinimumVisualStudioVersion = 10.0.40219.1
Project("{FAE04EC0-301F-11D3-BF4B-00C04F79EFBC}") = "XOGame", "XOGame\XOGame.csproj", "{E46432DA-5675-41A3-8112-66389D6571E9}"
EndProject
Global
	GlobalSection(SolutionConfigurationPlatforms) = preSolution
		Debug|Any CPU = Debug|Any CPU
		Release|Any CPU = Release|Any CPU
	EndGlobalSection
	GlobalSection(ProjectConfigurationPlatforms) = postSolution
		{E46432DA-5675-41A3-8112-66389D6571E9}.Debug|Any CPU.ActiveCfg = Debug|Any CPU
		{E46432DA-5675-41A3-8112-66389D6571E9}.Debug|Any CPU.Build.0 = Debug|Any CPU
		{E46432DA-5675-41A3-8112-66389D6571E9}.Release|Any CPU.ActiveCfg = Release|Any CPU
		{E46432DA-5675-41A3-8112-66389D6571E9}.Release|Any CPU.Build.0 = Release|Any CPU
	EndGlobalSection
	GlobalSection(SolutionProperties) = preSolution
		HideSolutionNode = FALSE
	EndGlobalSection
	GlobalSection(ExtensibilityGlobals) = postSolution
		SolutionGuid = {3A8DEB0B-18C0-44DC-9725-0ABEA28A5145}
	EndGlobalSection
EndGlobal
